
Microsoft Visual Studio Solution File, Format Version 12.00
# Visual Studio Version 17
VisualStudioVersion = 17.6.33815.320
MinimumVisualStudioVersion = 10.0.40219.1
Project("{FAE04EC0-301F-11D3-BF4B-00C04F79EFBC}") = "fuzzy_set_calculator", "fuzzy_set_calculator.csproj", "{4DD4B527-5B45-4DCB-A174-F82A583069B1}"
EndProject
Global
	GlobalSection(SolutionConfigurationPlatforms) = preSolution
		Debug|Any CPU = Debug|Any CPU
		Release|Any CPU = Release|Any CPU
	EndGlobalSection
	GlobalSection(ProjectConfigurationPlatforms) = postSolution
		{4DD4B527-5B45-4DCB-A174-F82A583069B1}.Debug|Any CPU.ActiveCfg = Debug|Any CPU
		{4DD4B527-5B45-4DCB-A174-F82A583069B1}.Debug|Any CPU.Build.0 = Debug|Any CPU
		{4DD4B527-5B45-4DCB-A174-F82A583069B1}.Release|Any CPU.ActiveCfg = Release|Any CPU
		{4DD4B527-5B45-4DCB-A174-F82A583069B1}.Release|Any CPU.Build.0 = Release|Any CPU
	EndGlobalSection
	GlobalSection(SolutionProperties) = preSolution
		HideSolutionNode = FALSE
	EndGlobalSection
	GlobalSection(ExtensibilityGlobals) = postSolution
		SolutionGuid = {1436E423-3982-418A-A6EC-59B9DCC8462D}
	EndGlobalSection
EndGlobal
